
Microsoft Visual Studio Solution File, Format Version 12.00
# Visual Studio Version 17
VisualStudioVersion = 17.10.34902.84
MinimumVisualStudioVersion = 10.0.40219.1
Project("{FAE04EC0-301F-11D3-BF4B-00C04F79EFBC}") = "QLGiaiBongDa", "QLGiaiBongDa\QLGiaiBongDa.csproj", "{EE79DAF8-9A78-4CAE-8170-2670EB492C7E}"
EndProject
Global
	GlobalSection(SolutionConfigurationPlatforms) = preSolution
		Debug|Any CPU = Debug|Any CPU
		Release|Any CPU = Release|Any CPU
	EndGlobalSection
	GlobalSection(ProjectConfigurationPlatforms) = postSolution
		{EE79DAF8-9A78-4CAE-8170-2670EB492C7E}.Debug|Any CPU.ActiveCfg = Debug|Any CPU
		{EE79DAF8-9A78-4CAE-8170-2670EB492C7E}.Debug|Any CPU.Build.0 = Debug|Any CPU
		{EE79DAF8-9A78-4CAE-8170-2670EB492C7E}.Release|Any CPU.ActiveCfg = Release|Any CPU
		{EE79DAF8-9A78-4CAE-8170-2670EB492C7E}.Release|Any CPU.Build.0 = Release|Any CPU
	EndGlobalSection
	GlobalSection(SolutionProperties) = preSolution
		HideSolutionNode = FALSE
	EndGlobalSection
	GlobalSection(ExtensibilityGlobals) = postSolution
		SolutionGuid = {4EBDC346-169F-4597-B4B5-ABC1AAF2BF10}
	EndGlobalSection
EndGlobal
